{
    "version": 3,
    "terraform_version": "0.10.7",
    "serial": 37,
    "lineage": "29bed3ec-04fa-4d4a-9b83-7aecadc6d950",
    "modules": [
        {
            "path": [
                "root"
            ],
            "outputs": {},
            "resources": {
                "aws_cloudwatch_event_rule.market_handler_event_rule.0": {
                    "type": "aws_cloudwatch_event_rule",
                    "depends_on": [
                        "aws_lambda_function.app_function.*"
                    ],
                    "primary": {
                        "id": "tranmon-api_market_handler_event_rule_btc",
                        "attributes": {
                            "arn": "arn:aws:events:us-east-1:689718612137:rule/tranmon-api_market_handler_event_rule_btc",
                            "description": "Invoke arn:aws:lambda:us-east-1:689718612137:function:tranmon-api_market_handler_overview_function every 5 mins",
                            "id": "tranmon-api_market_handler_event_rule_btc",
                            "is_enabled": "true",
                            "name": "tranmon-api_market_handler_event_rule_btc",
                            "role_arn": "",
                            "schedule_expression": "rate(5 minutes)"
                        },
                        "meta": {},
                        "tainted": false
                    },
                    "deposed": [],
                    "provider": ""
                },
                "aws_cloudwatch_event_rule.market_handler_event_rule.1": {
                    "type": "aws_cloudwatch_event_rule",
                    "depends_on": [
                        "aws_lambda_function.app_function.*"
                    ],
                    "primary": {
                        "id": "tranmon-api_market_handler_event_rule_pasl",
                        "attributes": {
                            "arn": "arn:aws:events:us-east-1:689718612137:rule/tranmon-api_market_handler_event_rule_pasl",
                            "description": "Invoke arn:aws:lambda:us-east-1:689718612137:function:tranmon-api_market_handler_overview_function every 5 mins",
                            "id": "tranmon-api_market_handler_event_rule_pasl",
                            "is_enabled": "true",
                            "name": "tranmon-api_market_handler_event_rule_pasl",
                            "role_arn": "",
                            "schedule_expression": "rate(5 minutes)"
                        },
                        "meta": {},
                        "tainted": false
                    },
                    "deposed": [],
                    "provider": ""
                },
                "aws_cloudwatch_event_rule.market_handler_event_rule.2": {
                    "type": "aws_cloudwatch_event_rule",
                    "depends_on": [
                        "aws_lambda_function.app_function.*"
                    ],
                    "primary": {
                        "id": "tranmon-api_market_handler_event_rule_eth",
                        "attributes": {
                            "arn": "arn:aws:events:us-east-1:689718612137:rule/tranmon-api_market_handler_event_rule_eth",
                            "description": "Invoke arn:aws:lambda:us-east-1:689718612137:function:tranmon-api_market_handler_overview_function every 5 mins",
                            "id": "tranmon-api_market_handler_event_rule_eth",
                            "is_enabled": "true",
                            "name": "tranmon-api_market_handler_event_rule_eth",
                            "role_arn": "",
                            "schedule_expression": "rate(5 minutes)"
                        },
                        "meta": {},
                        "tainted": false
                    },
                    "deposed": [],
                    "provider": ""
                },
                "aws_cloudwatch_event_rule.market_handler_event_rule.3": {
                    "type": "aws_cloudwatch_event_rule",
                    "depends_on": [
                        "aws_lambda_function.app_function.*"
                    ],
                    "primary": {
                        "id": "tranmon-api_market_handler_event_rule_zcl",
                        "attributes": {
                            "arn": "arn:aws:events:us-east-1:689718612137:rule/tranmon-api_market_handler_event_rule_zcl",
                            "description": "Invoke arn:aws:lambda:us-east-1:689718612137:function:tranmon-api_market_handler_overview_function every 5 mins",
                            "id": "tranmon-api_market_handler_event_rule_zcl",
                            "is_enabled": "true",
                            "name": "tranmon-api_market_handler_event_rule_zcl",
                            "role_arn": "",
                            "schedule_expression": "rate(5 minutes)"
                        },
                        "meta": {},
                        "tainted": false
                    },
                    "deposed": [],
                    "provider": ""
                },
                "aws_cloudwatch_event_rule.market_handler_event_rule.4": {
                    "type": "aws_cloudwatch_event_rule",
                    "depends_on": [
                        "aws_lambda_function.app_function.*"
                    ],
                    "primary": {
                        "id": "tranmon-api_market_handler_event_rule_altcom",
                        "attributes": {
                            "arn": "arn:aws:events:us-east-1:689718612137:rule/tranmon-api_market_handler_event_rule_altcom",
                            "description": "Invoke arn:aws:lambda:us-east-1:689718612137:function:tranmon-api_market_handler_overview_function every 5 mins",
                            "id": "tranmon-api_market_handler_event_rule_altcom",
                            "is_enabled": "true",
                            "name": "tranmon-api_market_handler_event_rule_altcom",
                            "role_arn": "",
                            "schedule_expression": "rate(5 minutes)"
                        },
                        "meta": {},
                        "tainted": false
                    },
                    "deposed": [],
                    "provider": ""
                },
                "aws_cloudwatch_event_rule.market_handler_event_rule.5": {
                    "type": "aws_cloudwatch_event_rule",
                    "depends_on": [
                        "aws_lambda_function.app_function.*"
                    ],
                    "primary": {
                        "id": "tranmon-api_market_handler_event_rule_ltc",
                        "attributes": {
                            "arn": "arn:aws:events:us-east-1:689718612137:rule/tranmon-api_market_handler_event_rule_ltc",
                            "description": "Invoke arn:aws:lambda:us-east-1:689718612137:function:tranmon-api_market_handler_overview_function every 5 mins",
                            "id": "tranmon-api_market_handler_event_rule_ltc",
                            "is_enabled": "true",
                            "name": "tranmon-api_market_handler_event_rule_ltc",
                            "role_arn": "",
                            "schedule_expression": "rate(5 minutes)"
                        },
                        "meta": {},
                        "tainted": false
                    },
                    "deposed": [],
                    "provider": ""
                },
                "aws_cloudwatch_event_rule.market_handler_event_rule.6": {
                    "type": "aws_cloudwatch_event_rule",
                    "depends_on": [
                        "aws_lambda_function.app_function.*"
                    ],
                    "primary": {
                        "id": "tranmon-api_market_handler_event_rule_arc",
                        "attributes": {
                            "arn": "arn:aws:events:us-east-1:689718612137:rule/tranmon-api_market_handler_event_rule_arc",
                            "description": "Invoke arn:aws:lambda:us-east-1:689718612137:function:tranmon-api_market_handler_overview_function every 5 mins",
                            "id": "tranmon-api_market_handler_event_rule_arc",
                            "is_enabled": "true",
                            "name": "tranmon-api_market_handler_event_rule_arc",
                            "role_arn": "",
                            "schedule_expression": "rate(5 minutes)"
                        },
                        "meta": {},
                        "tainted": false
                    },
                    "deposed": [],
                    "provider": ""
                },
                "aws_cloudwatch_event_rule.market_handler_event_rule.7": {
                    "type": "aws_cloudwatch_event_rule",
                    "depends_on": [
                        "aws_lambda_function.app_function.*"
                    ],
                    "primary": {
                        "id": "tranmon-api_market_handler_event_rule_btg",
                        "attributes": {
                            "arn": "arn:aws:events:us-east-1:689718612137:rule/tranmon-api_market_handler_event_rule_btg",
                            "description": "Invoke arn:aws:lambda:us-east-1:689718612137:function:tranmon-api_market_handler_overview_function every 5 mins",
                            "id": "tranmon-api_market_handler_event_rule_btg",
                            "is_enabled": "true",
                            "name": "tranmon-api_market_handler_event_rule_btg",
                            "role_arn": "",
                            "schedule_expression": "rate(5 minutes)"
                        },
                        "meta": {},
                        "tainted": false
                    },
                    "deposed": [],
                    "provider": ""
                },
                "aws_cloudwatch_event_rule.profitability_handler_event_rule": {
                    "type": "aws_cloudwatch_event_rule",
                    "depends_on": [
                        "aws_lambda_function.app_function.*"
                    ],
                    "primary": {
                        "id": "tranmon-api_profitability_handler_event_rule",
                        "attributes": {
                            "arn": "arn:aws:events:us-east-1:689718612137:rule/tranmon-api_profitability_handler_event_rule",
                            "description": "Invoke arn:aws:lambda:us-east-1:689718612137:function:tranmon-api_profitability_handler_all_currencies_function every 2 mins",
                            "id": "tranmon-api_profitability_handler_event_rule",
                            "is_enabled": "true",
                            "name": "tranmon-api_profitability_handler_event_rule",
                            "role_arn": "",
                            "schedule_expression": "rate(2 minutes)"
                        },
                        "meta": {},
                        "tainted": false
                    },
                    "deposed": [],
                    "provider": ""
                },
                "aws_cloudwatch_event_rule.wallet_handler_event_rule.0": {
                    "type": "aws_cloudwatch_event_rule",
                    "depends_on": [
                        "aws_lambda_function.app_function.*"
                    ],
                    "primary": {
                        "id": "wallet_arc_ANQNEgvto89aLa8KLRLUMKiVbStF6MLFDd",
                        "attributes": {
                            "arn": "arn:aws:events:us-east-1:689718612137:rule/wallet_arc_ANQNEgvto89aLa8KLRLUMKiVbStF6MLFDd",
                            "description": "Invoke arn:aws:lambda:us-east-1:689718612137:function:tranmon-api_wallet_handler_overview_function every 5 mins",
                            "id": "wallet_arc_ANQNEgvto89aLa8KLRLUMKiVbStF6MLFDd",
                            "is_enabled": "true",
                            "name": "wallet_arc_ANQNEgvto89aLa8KLRLUMKiVbStF6MLFDd",
                            "role_arn": "",
                            "schedule_expression": "rate(5 minutes)"
                        },
                        "meta": {},
                        "tainted": false
                    },
                    "deposed": [],
                    "provider": ""
                },
                "aws_cloudwatch_event_rule.wallet_handler_event_rule.1": {
                    "type": "aws_cloudwatch_event_rule",
                    "depends_on": [
                        "aws_lambda_function.app_function.*"
                    ],
                    "primary": {
                        "id": "wallet_arc_AQZ69kCuuVhMfRDbMo4kmmfiewhAPCtnHb",
                        "attributes": {
                            "arn": "arn:aws:events:us-east-1:689718612137:rule/wallet_arc_AQZ69kCuuVhMfRDbMo4kmmfiewhAPCtnHb",
                            "description": "Invoke arn:aws:lambda:us-east-1:689718612137:function:tranmon-api_wallet_handler_overview_function every 5 mins",
                            "id": "wallet_arc_AQZ69kCuuVhMfRDbMo4kmmfiewhAPCtnHb",
                            "is_enabled": "true",
                            "name": "wallet_arc_AQZ69kCuuVhMfRDbMo4kmmfiewhAPCtnHb",
                            "role_arn": "",
                            "schedule_expression": "rate(5 minutes)"
                        },
                        "meta": {},
                        "tainted": false
                    },
                    "deposed": [],
                    "provider": ""
                },
                "aws_cloudwatch_event_rule.wallet_handler_event_rule.2": {
                    "type": "aws_cloudwatch_event_rule",
                    "depends_on": [
                        "aws_lambda_function.app_function.*"
                    ],
                    "primary": {
                        "id": "wallet_arc_AJX3UNSNa3rXFUfRyMQuM13Y2NZQbTbxvf",
                        "attributes": {
                            "arn": "arn:aws:events:us-east-1:689718612137:rule/wallet_arc_AJX3UNSNa3rXFUfRyMQuM13Y2NZQbTbxvf",
                            "description": "Invoke arn:aws:lambda:us-east-1:689718612137:function:tranmon-api_wallet_handler_overview_function every 5 mins",
                            "id": "wallet_arc_AJX3UNSNa3rXFUfRyMQuM13Y2NZQbTbxvf",
                            "is_enabled": "true",
                            "name": "wallet_arc_AJX3UNSNa3rXFUfRyMQuM13Y2NZQbTbxvf",
                            "role_arn": "",
                            "schedule_expression": "rate(5 minutes)"
                        },
                        "meta": {},
                        "tainted": false
                    },
                    "deposed": [],
                    "provider": ""
                },
                "aws_cloudwatch_event_rule.wallet_handler_event_rule.3": {
                    "type": "aws_cloudwatch_event_rule",
                    "depends_on": [
                        "aws_lambda_function.app_function.*"
                    ],
                    "primary": {
                        "id": "wallet_btg_Gd7PdM1ydc8TYJWTmymVyMgL6b4sgjod6L",
                        "attributes": {
                            "arn": "arn:aws:events:us-east-1:689718612137:rule/wallet_btg_Gd7PdM1ydc8TYJWTmymVyMgL6b4sgjod6L",
                            "description": "Invoke arn:aws:lambda:us-east-1:689718612137:function:tranmon-api_wallet_handler_overview_function every 5 mins",
                            "id": "wallet_btg_Gd7PdM1ydc8TYJWTmymVyMgL6b4sgjod6L",
                            "is_enabled": "true",
                            "name": "wallet_btg_Gd7PdM1ydc8TYJWTmymVyMgL6b4sgjod6L",
                            "role_arn": "",
                            "schedule_expression": "rate(5 minutes)"
                        },
                        "meta": {},
                        "tainted": false
                    },
                    "deposed": [],
                    "provider": ""
                },
                "aws_cloudwatch_event_rule.wallet_handler_event_rule.4": {
                    "type": "aws_cloudwatch_event_rule",
                    "depends_on": [
                        "aws_lambda_function.app_function.*"
                    ],
                    "primary": {
                        "id": "wallet_sono_AGrrJNqhvfjyCMtsVRenCktLwS2kXNYXMq",
                        "attributes": {
                            "arn": "arn:aws:events:us-east-1:689718612137:rule/wallet_sono_AGrrJNqhvfjyCMtsVRenCktLwS2kXNYXMq",
                            "description": "Invoke arn:aws:lambda:us-east-1:689718612137:function:tranmon-api_wallet_handler_overview_function every 5 mins",
                            "id": "wallet_sono_AGrrJNqhvfjyCMtsVRenCktLwS2kXNYXMq",
                            "is_enabled": "true",
                            "name": "wallet_sono_AGrrJNqhvfjyCMtsVRenCktLwS2kXNYXMq",
                            "role_arn": "",
                            "schedule_expression": "rate(5 minutes)"
                        },
                        "meta": {},
                        "tainted": false
                    },
                    "deposed": [],
                    "provider": ""
                },
                "aws_cloudwatch_event_rule.wallet_handler_event_rule.5": {
                    "type": "aws_cloudwatch_event_rule",
                    "depends_on": [
                        "aws_lambda_function.app_function.*"
                    ],
                    "primary": {
                        "id": "wallet_sono_AR7GbTXV7a6muB2AroYXKfCMG4HK8QS2BH",
                        "attributes": {
                            "arn": "arn:aws:events:us-east-1:689718612137:rule/wallet_sono_AR7GbTXV7a6muB2AroYXKfCMG4HK8QS2BH",
                            "description": "Invoke arn:aws:lambda:us-east-1:689718612137:function:tranmon-api_wallet_handler_overview_function every 5 mins",
                            "id": "wallet_sono_AR7GbTXV7a6muB2AroYXKfCMG4HK8QS2BH",
                            "is_enabled": "true",
                            "name": "wallet_sono_AR7GbTXV7a6muB2AroYXKfCMG4HK8QS2BH",
                            "role_arn": "",
                            "schedule_expression": "rate(5 minutes)"
                        },
                        "meta": {},
                        "tainted": false
                    },
                    "deposed": [],
                    "provider": ""
                },
                "aws_cloudwatch_event_rule.wallet_handler_event_rule.6": {
                    "type": "aws_cloudwatch_event_rule",
                    "depends_on": [
                        "aws_lambda_function.app_function.*"
                    ],
                    "primary": {
                        "id": "wallet_sono_AeucgHfjCYnRz5LwkzpjWtW6z9QE1MEU7D",
                        "attributes": {
                            "arn": "arn:aws:events:us-east-1:689718612137:rule/wallet_sono_AeucgHfjCYnRz5LwkzpjWtW6z9QE1MEU7D",
                            "description": "Invoke arn:aws:lambda:us-east-1:689718612137:function:tranmon-api_wallet_handler_overview_function every 5 mins",
                            "id": "wallet_sono_AeucgHfjCYnRz5LwkzpjWtW6z9QE1MEU7D",
                            "is_enabled": "true",
                            "name": "wallet_sono_AeucgHfjCYnRz5LwkzpjWtW6z9QE1MEU7D",
                            "role_arn": "",
                            "schedule_expression": "rate(5 minutes)"
                        },
                        "meta": {},
                        "tainted": false
                    },
                    "deposed": [],
                    "provider": ""
                },
                "aws_cloudwatch_event_rule.wallet_handler_event_rule.7": {
                    "type": "aws_cloudwatch_event_rule",
                    "depends_on": [
                        "aws_lambda_function.app_function.*"
                    ],
                    "primary": {
                        "id": "wallet_arc_AdwB3SxCDu5wxjZPUcJToCnamNcHLM5CBJ",
                        "attributes": {
                            "arn": "arn:aws:events:us-east-1:689718612137:rule/wallet_arc_AdwB3SxCDu5wxjZPUcJToCnamNcHLM5CBJ",
                            "description": "Invoke arn:aws:lambda:us-east-1:689718612137:function:tranmon-api_wallet_handler_overview_function every 5 mins",
                            "id": "wallet_arc_AdwB3SxCDu5wxjZPUcJToCnamNcHLM5CBJ",
                            "is_enabled": "true",
                            "name": "wallet_arc_AdwB3SxCDu5wxjZPUcJToCnamNcHLM5CBJ",
                            "role_arn": "",
                            "schedule_expression": "rate(5 minutes)"
                        },
                        "meta": {},
                        "tainted": false
                    },
                    "deposed": [],
                    "provider": ""
                },
                "aws_cloudwatch_event_rule.wallet_handler_event_rule.8": {
                    "type": "aws_cloudwatch_event_rule",
                    "depends_on": [
                        "aws_lambda_function.app_function.*"
                    ],
                    "primary": {
                        "id": "wallet_arc_ASTp3dioccitrTgYYH82dVkoGGo1uneKZ6",
                        "attributes": {
                            "arn": "arn:aws:events:us-east-1:689718612137:rule/wallet_arc_ASTp3dioccitrTgYYH82dVkoGGo1uneKZ6",
                            "description": "Invoke arn:aws:lambda:us-east-1:689718612137:function:tranmon-api_wallet_handler_overview_function every 5 mins",
                            "id": "wallet_arc_ASTp3dioccitrTgYYH82dVkoGGo1uneKZ6",
                            "is_enabled": "true",
                            "name": "wallet_arc_ASTp3dioccitrTgYYH82dVkoGGo1uneKZ6",
                            "role_arn": "",
                            "schedule_expression": "rate(5 minutes)"
                        },
                        "meta": {},
                        "tainted": false
                    },
                    "deposed": [],
                    "provider": ""
                },
                "aws_cloudwatch_event_target.all": {
                    "type": "aws_cloudwatch_event_target",
                    "depends_on": [
                        "aws_cloudwatch_event_rule.profitability_handler_event_rule",
                        "aws_lambda_function.app_function.*"
                    ],
                    "primary": {
                        "id": "tranmon-api_profitability_handler_event_rule-terraform-20180210094446194000000009",
                        "attributes": {
                            "arn": "arn:aws:lambda:us-east-1:689718612137:function:tranmon-api_profitability_handler_all_currencies_function",
                            "id": "tranmon-api_profitability_handler_event_rule-terraform-20180210094446194000000009",
                            "input": "",
                            "input_path": "",
                            "role_arn": "",
                            "rule": "tranmon-api_profitability_handler_event_rule",
                            "target_id": "terraform-20180210094446194000000009"
                        },
                        "meta": {},
                        "tainted": false
                    },
                    "deposed": [],
                    "provider": ""
                },
                "aws_cloudwatch_event_target.currency.0": {
                    "type": "aws_cloudwatch_event_target",
                    "depends_on": [
                        "aws_cloudwatch_event_rule.market_handler_event_rule.*",
                        "aws_lambda_function.app_function.*"
                    ],
                    "primary": {
                        "id": "tranmon-api_market_handler_event_rule_btc-terraform-20180213160713225700000005",
                        "attributes": {
                            "arn": "arn:aws:lambda:us-east-1:689718612137:function:tranmon-api_market_handler_overview_function",
                            "id": "tranmon-api_market_handler_event_rule_btc-terraform-20180213160713225700000005",
                            "input": "{\"currency_id\": \"btc\"}\n",
                            "input_path": "",
                            "role_arn": "",
                            "rule": "tranmon-api_market_handler_event_rule_btc",
                            "target_id": "terraform-20180213160713225700000005"
                        },
                        "meta": {},
                        "tainted": false
                    },
                    "deposed": [],
                    "provider": ""
                },
                "aws_cloudwatch_event_target.currency.1": {
                    "type": "aws_cloudwatch_event_target",
                    "depends_on": [
                        "aws_cloudwatch_event_rule.market_handler_event_rule.*",
                        "aws_lambda_function.app_function.*"
                    ],
                    "primary": {
                        "id": "tranmon-api_market_handler_event_rule_pasl-terraform-20180213160714459700000007",
                        "attributes": {
                            "arn": "arn:aws:lambda:us-east-1:689718612137:function:tranmon-api_market_handler_overview_function",
                            "id": "tranmon-api_market_handler_event_rule_pasl-terraform-20180213160714459700000007",
                            "input": "{\"currency_id\": \"pasl\"}\n",
                            "input_path": "",
                            "role_arn": "",
                            "rule": "tranmon-api_market_handler_event_rule_pasl",
                            "target_id": "terraform-20180213160714459700000007"
                        },
                        "meta": {},
                        "tainted": false
                    },
                    "deposed": [],
                    "provider": ""
                },
                "aws_cloudwatch_event_target.currency.2": {
                    "type": "aws_cloudwatch_event_target",
                    "depends_on": [
                        "aws_cloudwatch_event_rule.market_handler_event_rule.*",
                        "aws_lambda_function.app_function.*"
                    ],
                    "primary": {
                        "id": "tranmon-api_market_handler_event_rule_eth-terraform-20180213160713224900000004",
                        "attributes": {
                            "arn": "arn:aws:lambda:us-east-1:689718612137:function:tranmon-api_market_handler_overview_function",
                            "id": "tranmon-api_market_handler_event_rule_eth-terraform-20180213160713224900000004",
                            "input": "{\"currency_id\": \"eth\"}\n",
                            "input_path": "",
                            "role_arn": "",
                            "rule": "tranmon-api_market_handler_event_rule_eth",
                            "target_id": "terraform-20180213160713224900000004"
                        },
                        "meta": {},
                        "tainted": false
                    },
                    "deposed": [],
                    "provider": ""
                },
                "aws_cloudwatch_event_target.currency.3": {
                    "type": "aws_cloudwatch_event_target",
                    "depends_on": [
                        "aws_cloudwatch_event_rule.market_handler_event_rule.*",
                        "aws_lambda_function.app_function.*"
                    ],
                    "primary": {
                        "id": "tranmon-api_market_handler_event_rule_zcl-terraform-20180213160714470400000008",
                        "attributes": {
                            "arn": "arn:aws:lambda:us-east-1:689718612137:function:tranmon-api_market_handler_overview_function",
                            "id": "tranmon-api_market_handler_event_rule_zcl-terraform-20180213160714470400000008",
                            "input": "{\"currency_id\": \"zcl\"}\n",
                            "input_path": "",
                            "role_arn": "",
                            "rule": "tranmon-api_market_handler_event_rule_zcl",
                            "target_id": "terraform-20180213160714470400000008"
                        },
                        "meta": {},
                        "tainted": false
                    },
                    "deposed": [],
                    "provider": ""
                },
                "aws_cloudwatch_event_target.currency.4": {
                    "type": "aws_cloudwatch_event_target",
                    "depends_on": [
                        "aws_cloudwatch_event_rule.market_handler_event_rule.*",
                        "aws_lambda_function.app_function.*"
                    ],
                    "primary": {
                        "id": "tranmon-api_market_handler_event_rule_altcom-terraform-20180213160714419600000006",
                        "attributes": {
                            "arn": "arn:aws:lambda:us-east-1:689718612137:function:tranmon-api_market_handler_overview_function",
                            "id": "tranmon-api_market_handler_event_rule_altcom-terraform-20180213160714419600000006",
                            "input": "{\"currency_id\": \"altcom\"}\n",
                            "input_path": "",
                            "role_arn": "",
                            "rule": "tranmon-api_market_handler_event_rule_altcom",
                            "target_id": "terraform-20180213160714419600000006"
                        },
                        "meta": {},
                        "tainted": false
                    },
                    "deposed": [],
                    "provider": ""
                },
                "aws_cloudwatch_event_target.currency.5": {
                    "type": "aws_cloudwatch_event_target",
                    "depends_on": [
                        "aws_cloudwatch_event_rule.market_handler_event_rule.*",
                        "aws_lambda_function.app_function.*"
                    ],
                    "primary": {
                        "id": "tranmon-api_market_handler_event_rule_ltc-terraform-20180213160713223400000001",
                        "attributes": {
                            "arn": "arn:aws:lambda:us-east-1:689718612137:function:tranmon-api_market_handler_overview_function",
                            "id": "tranmon-api_market_handler_event_rule_ltc-terraform-20180213160713223400000001",
                            "input": "{\"currency_id\": \"ltc\"}\n",
                            "input_path": "",
                            "role_arn": "",
                            "rule": "tranmon-api_market_handler_event_rule_ltc",
                            "target_id": "terraform-20180213160713223400000001"
                        },
                        "meta": {},
                        "tainted": false
                    },
                    "deposed": [],
                    "provider": ""
                },
                "aws_cloudwatch_event_target.currency.6": {
                    "type": "aws_cloudwatch_event_target",
                    "depends_on": [
                        "aws_cloudwatch_event_rule.market_handler_event_rule.*",
                        "aws_lambda_function.app_function.*"
                    ],
                    "primary": {
                        "id": "tranmon-api_market_handler_event_rule_arc-terraform-20180213160713224400000002",
                        "attributes": {
                            "arn": "arn:aws:lambda:us-east-1:689718612137:function:tranmon-api_market_handler_overview_function",
                            "id": "tranmon-api_market_handler_event_rule_arc-terraform-20180213160713224400000002",
                            "input": "{\"currency_id\": \"arc\"}\n",
                            "input_path": "",
                            "role_arn": "",
                            "rule": "tranmon-api_market_handler_event_rule_arc",
                            "target_id": "terraform-20180213160713224400000002"
                        },
                        "meta": {},
                        "tainted": false
                    },
                    "deposed": [],
                    "provider": ""
                },
                "aws_cloudwatch_event_target.currency.7": {
                    "type": "aws_cloudwatch_event_target",
                    "depends_on": [
                        "aws_cloudwatch_event_rule.market_handler_event_rule.*",
                        "aws_lambda_function.app_function.*"
                    ],
                    "primary": {
                        "id": "tranmon-api_market_handler_event_rule_btg-terraform-20180213160713224800000003",
                        "attributes": {
                            "arn": "arn:aws:lambda:us-east-1:689718612137:function:tranmon-api_market_handler_overview_function",
                            "id": "tranmon-api_market_handler_event_rule_btg-terraform-20180213160713224800000003",
                            "input": "{\"currency_id\": \"btg\"}\n",
                            "input_path": "",
                            "role_arn": "",
                            "rule": "tranmon-api_market_handler_event_rule_btg",
                            "target_id": "terraform-20180213160713224800000003"
                        },
                        "meta": {},
                        "tainted": false
                    },
                    "deposed": [],
                    "provider": ""
                },
                "aws_cloudwatch_event_target.wallet.0": {
                    "type": "aws_cloudwatch_event_target",
                    "depends_on": [
                        "aws_cloudwatch_event_rule.wallet_handler_event_rule.*",
                        "aws_lambda_function.app_function.*"
                    ],
                    "primary": {
                        "id": "wallet_arc_ANQNEgvto89aLa8KLRLUMKiVbStF6MLFDd-terraform-20180213020935558500000006",
                        "attributes": {
                            "arn": "arn:aws:lambda:us-east-1:689718612137:function:tranmon-api_wallet_handler_overview_function",
                            "id": "wallet_arc_ANQNEgvto89aLa8KLRLUMKiVbStF6MLFDd-terraform-20180213020935558500000006",
                            "input": "{\n  \"address\": \"ANQNEgvto89aLa8KLRLUMKiVbStF6MLFDd\",\n  \"currency_id\": \"arc\"\n}\n",
                            "input_path": "",
                            "role_arn": "",
                            "rule": "wallet_arc_ANQNEgvto89aLa8KLRLUMKiVbStF6MLFDd",
                            "target_id": "terraform-20180213020935558500000006"
                        },
                        "meta": {},
                        "tainted": false
                    },
                    "deposed": [],
                    "provider": ""
                },
                "aws_cloudwatch_event_target.wallet.1": {
                    "type": "aws_cloudwatch_event_target",
                    "depends_on": [
                        "aws_cloudwatch_event_rule.wallet_handler_event_rule.*",
                        "aws_lambda_function.app_function.*"
                    ],
                    "primary": {
                        "id": "wallet_arc_AQZ69kCuuVhMfRDbMo4kmmfiewhAPCtnHb-terraform-20180213020934629600000001",
                        "attributes": {
                            "arn": "arn:aws:lambda:us-east-1:689718612137:function:tranmon-api_wallet_handler_overview_function",
                            "id": "wallet_arc_AQZ69kCuuVhMfRDbMo4kmmfiewhAPCtnHb-terraform-20180213020934629600000001",
                            "input": "{\n  \"address\": \"AQZ69kCuuVhMfRDbMo4kmmfiewhAPCtnHb\",\n  \"currency_id\": \"arc\"\n}\n",
                            "input_path": "",
                            "role_arn": "",
                            "rule": "wallet_arc_AQZ69kCuuVhMfRDbMo4kmmfiewhAPCtnHb",
                            "target_id": "terraform-20180213020934629600000001"
                        },
                        "meta": {},
                        "tainted": false
                    },
                    "deposed": [],
                    "provider": ""
                },
                "aws_cloudwatch_event_target.wallet.2": {
                    "type": "aws_cloudwatch_event_target",
                    "depends_on": [
                        "aws_cloudwatch_event_rule.wallet_handler_event_rule.*",
                        "aws_lambda_function.app_function.*"
                    ],
                    "primary": {
                        "id": "wallet_arc_AJX3UNSNa3rXFUfRyMQuM13Y2NZQbTbxvf-terraform-20180213020934630100000002",
                        "attributes": {
                            "arn": "arn:aws:lambda:us-east-1:689718612137:function:tranmon-api_wallet_handler_overview_function",
                            "id": "wallet_arc_AJX3UNSNa3rXFUfRyMQuM13Y2NZQbTbxvf-terraform-20180213020934630100000002",
                            "input": "{\n  \"address\": \"AJX3UNSNa3rXFUfRyMQuM13Y2NZQbTbxvf\",\n  \"currency_id\": \"arc\"\n}\n",
                            "input_path": "",
                            "role_arn": "",
                            "rule": "wallet_arc_AJX3UNSNa3rXFUfRyMQuM13Y2NZQbTbxvf",
                            "target_id": "terraform-20180213020934630100000002"
                        },
                        "meta": {},
                        "tainted": false
                    },
                    "deposed": [],
                    "provider": ""
                },
                "aws_cloudwatch_event_target.wallet.3": {
                    "type": "aws_cloudwatch_event_target",
                    "depends_on": [
                        "aws_cloudwatch_event_rule.wallet_handler_event_rule.*",
                        "aws_lambda_function.app_function.*"
                    ],
                    "primary": {
                        "id": "wallet_btg_Gd7PdM1ydc8TYJWTmymVyMgL6b4sgjod6L-terraform-20180213020935629400000008",
                        "attributes": {
                            "arn": "arn:aws:lambda:us-east-1:689718612137:function:tranmon-api_wallet_handler_overview_function",
                            "id": "wallet_btg_Gd7PdM1ydc8TYJWTmymVyMgL6b4sgjod6L-terraform-20180213020935629400000008",
                            "input": "{\n  \"address\": \"Gd7PdM1ydc8TYJWTmymVyMgL6b4sgjod6L\",\n  \"currency_id\": \"btg\"\n}\n",
                            "input_path": "",
                            "role_arn": "",
                            "rule": "wallet_btg_Gd7PdM1ydc8TYJWTmymVyMgL6b4sgjod6L",
                            "target_id": "terraform-20180213020935629400000008"
                        },
                        "meta": {},
                        "tainted": false
                    },
                    "deposed": [],
                    "provider": ""
                },
                "aws_cloudwatch_event_target.wallet.4": {
                    "type": "aws_cloudwatch_event_target",
                    "depends_on": [
                        "aws_cloudwatch_event_rule.wallet_handler_event_rule.*",
                        "aws_lambda_function.app_function.*"
                    ],
                    "primary": {
                        "id": "wallet_sono_AGrrJNqhvfjyCMtsVRenCktLwS2kXNYXMq-terraform-20180213020935628500000007",
                        "attributes": {
                            "arn": "arn:aws:lambda:us-east-1:689718612137:function:tranmon-api_wallet_handler_overview_function",
                            "id": "wallet_sono_AGrrJNqhvfjyCMtsVRenCktLwS2kXNYXMq-terraform-20180213020935628500000007",
                            "input": "{\n  \"address\": \"AGrrJNqhvfjyCMtsVRenCktLwS2kXNYXMq\",\n  \"currency_id\": \"sono\"\n}\n",
                            "input_path": "",
                            "role_arn": "",
                            "rule": "wallet_sono_AGrrJNqhvfjyCMtsVRenCktLwS2kXNYXMq",
                            "target_id": "terraform-20180213020935628500000007"
                        },
                        "meta": {},
                        "tainted": false
                    },
                    "deposed": [],
                    "provider": ""
                },
                "aws_cloudwatch_event_target.wallet.5": {
                    "type": "aws_cloudwatch_event_target",
                    "depends_on": [
                        "aws_cloudwatch_event_rule.wallet_handler_event_rule.*",
                        "aws_lambda_function.app_function.*"
                    ],
                    "primary": {
                        "id": "wallet_sono_AR7GbTXV7a6muB2AroYXKfCMG4HK8QS2BH-terraform-20180213020934634000000005",
                        "attributes": {
                            "arn": "arn:aws:lambda:us-east-1:689718612137:function:tranmon-api_wallet_handler_overview_function",
                            "id": "wallet_sono_AR7GbTXV7a6muB2AroYXKfCMG4HK8QS2BH-terraform-20180213020934634000000005",
                            "input": "{\n  \"address\": \"AR7GbTXV7a6muB2AroYXKfCMG4HK8QS2BH\",\n  \"currency_id\": \"sono\"\n}\n",
                            "input_path": "",
                            "role_arn": "",
                            "rule": "wallet_sono_AR7GbTXV7a6muB2AroYXKfCMG4HK8QS2BH",
                            "target_id": "terraform-20180213020934634000000005"
                        },
                        "meta": {},
                        "tainted": false
                    },
                    "deposed": [],
                    "provider": ""
                },
                "aws_cloudwatch_event_target.wallet.6": {
                    "type": "aws_cloudwatch_event_target",
                    "depends_on": [
                        "aws_cloudwatch_event_rule.wallet_handler_event_rule.*",
                        "aws_lambda_function.app_function.*"
                    ],
                    "primary": {
                        "id": "wallet_sono_AeucgHfjCYnRz5LwkzpjWtW6z9QE1MEU7D-terraform-20180213020934630400000003",
                        "attributes": {
                            "arn": "arn:aws:lambda:us-east-1:689718612137:function:tranmon-api_wallet_handler_overview_function",
                            "id": "wallet_sono_AeucgHfjCYnRz5LwkzpjWtW6z9QE1MEU7D-terraform-20180213020934630400000003",
                            "input": "{\n  \"address\": \"AeucgHfjCYnRz5LwkzpjWtW6z9QE1MEU7D\",\n  \"currency_id\": \"sono\"\n}\n",
                            "input_path": "",
                            "role_arn": "",
                            "rule": "wallet_sono_AeucgHfjCYnRz5LwkzpjWtW6z9QE1MEU7D",
                            "target_id": "terraform-20180213020934630400000003"
                        },
                        "meta": {},
                        "tainted": false
                    },
                    "deposed": [],
                    "provider": ""
                },
                "aws_cloudwatch_event_target.wallet.7": {
                    "type": "aws_cloudwatch_event_target",
                    "depends_on": [
                        "aws_cloudwatch_event_rule.wallet_handler_event_rule.*",
                        "aws_lambda_function.app_function.*"
                    ],
                    "primary": {
                        "id": "wallet_arc_AdwB3SxCDu5wxjZPUcJToCnamNcHLM5CBJ-terraform-20180213020936784800000009",
                        "attributes": {
                            "arn": "arn:aws:lambda:us-east-1:689718612137:function:tranmon-api_wallet_handler_overview_function",
                            "id": "wallet_arc_AdwB3SxCDu5wxjZPUcJToCnamNcHLM5CBJ-terraform-20180213020936784800000009",
                            "input": "{\n  \"address\": \"AdwB3SxCDu5wxjZPUcJToCnamNcHLM5CBJ\",\n  \"currency_id\": \"arc\"\n}\n",
                            "input_path": "",
                            "role_arn": "",
                            "rule": "wallet_arc_AdwB3SxCDu5wxjZPUcJToCnamNcHLM5CBJ",
                            "target_id": "terraform-20180213020936784800000009"
                        },
                        "meta": {},
                        "tainted": false
                    },
                    "deposed": [],
                    "provider": ""
                },
                "aws_cloudwatch_event_target.wallet.8": {
                    "type": "aws_cloudwatch_event_target",
                    "depends_on": [
                        "aws_cloudwatch_event_rule.wallet_handler_event_rule.*",
                        "aws_lambda_function.app_function.*"
                    ],
                    "primary": {
                        "id": "wallet_arc_ASTp3dioccitrTgYYH82dVkoGGo1uneKZ6-terraform-20180213020934631800000004",
                        "attributes": {
                            "arn": "arn:aws:lambda:us-east-1:689718612137:function:tranmon-api_wallet_handler_overview_function",
                            "id": "wallet_arc_ASTp3dioccitrTgYYH82dVkoGGo1uneKZ6-terraform-20180213020934631800000004",
                            "input": "{\n  \"address\": \"ASTp3dioccitrTgYYH82dVkoGGo1uneKZ6\",\n  \"currency_id\": \"arc\"\n}\n",
                            "input_path": "",
                            "role_arn": "",
                            "rule": "wallet_arc_ASTp3dioccitrTgYYH82dVkoGGo1uneKZ6",
                            "target_id": "terraform-20180213020934631800000004"
                        },
                        "meta": {},
                        "tainted": false
                    },
                    "deposed": [],
                    "provider": ""
                },
                "aws_iam_role.app_role": {
                    "type": "aws_iam_role",
                    "depends_on": [],
                    "primary": {
                        "id": "tranmon-api_role",
                        "attributes": {
                            "arn": "arn:aws:iam::689718612137:role/tranmon-api_role",
                            "assume_role_policy": "{\"Version\":\"2012-10-17\",\"Statement\":[{\"Sid\":\"\",\"Effect\":\"Allow\",\"Principal\":{\"Service\":\"lambda.amazonaws.com\"},\"Action\":\"sts:AssumeRole\"}]}",
                            "create_date": "2018-02-10T08:17:45Z",
                            "force_detach_policies": "false",
                            "id": "tranmon-api_role",
                            "name": "tranmon-api_role",
                            "path": "/",
                            "unique_id": "AROAJZVIY7FYV4OGDZDCU"
                        },
                        "meta": {},
                        "tainted": false
                    },
                    "deposed": [],
                    "provider": ""
                },
                "aws_iam_role_policy.app_role_policy": {
                    "type": "aws_iam_role_policy",
                    "depends_on": [
                        "aws_iam_role.app_role"
                    ],
                    "primary": {
                        "id": "tranmon-api_role:tranmon-api_role_policy",
                        "attributes": {
                            "id": "tranmon-api_role:tranmon-api_role_policy",
                            "name": "tranmon-api_role_policy",
                            "policy": "{\n  \"Version\": \"2012-10-17\",\n  \"Statement\": [\n    {\n      \"Effect\": \"Allow\",\n      \"Action\": [\n        \"logs:CreateLogGroup\",\n        \"logs:CreateLogStream\",\n        \"logs:PutLogEvents\"\n      ],\n      \"Resource\": \"arn:aws:logs:*:*:*\"\n    },\n    {\n      \"Effect\": \"Allow\",\n      \"Action\": \"s3:*\",\n      \"Resource\": \"*\"\n    }\n  ]\n}\n",
                            "role": "tranmon-api_role"
                        },
                        "meta": {},
                        "tainted": false
                    },
                    "deposed": [],
                    "provider": ""
                },
                "aws_lambda_function.app_function.0": {
                    "type": "aws_lambda_function",
                    "depends_on": [
                        "aws_iam_role.app_role",
                        "aws_s3_bucket_object.app_source"
                    ],
                    "primary": {
                        "id": "tranmon-api_market_handler_overview_function",
                        "attributes": {
                            "arn": "arn:aws:lambda:us-east-1:689718612137:function:tranmon-api_market_handler_overview_function",
                            "dead_letter_config.#": "0",
                            "description": "",
                            "environment.#": "1",
                            "environment.0.variables.%": "2",
                            "environment.0.variables.API_HOST": "https://tranmon-service-production.herokuapp.com",
                            "environment.0.variables.AWS_CACHE_BUCKET": "tranmon-api-cache",
                            "function_name": "tranmon-api_market_handler_overview_function",
                            "handler": "market_handler.overview",
                            "id": "tranmon-api_market_handler_overview_function",
                            "invoke_arn": "arn:aws:apigateway:us-east-1:lambda:path/2015-03-31/functions/arn:aws:lambda:us-east-1:689718612137:function:tranmon-api_market_handler_overview_function/invocations",
                            "kms_key_arn": "",
                            "last_modified": "2018-02-25T12:31:17.751+0000",
                            "memory_size": "1536",
                            "publish": "false",
                            "qualified_arn": "arn:aws:lambda:us-east-1:689718612137:function:tranmon-api_market_handler_overview_function:$LATEST",
                            "reserved_concurrent_executions": "0",
                            "role": "arn:aws:iam::689718612137:role/tranmon-api_role",
                            "runtime": "python2.7",
                            "s3_bucket": "tranmon-api_function",
                            "s3_key": "source",
                            "source_code_hash": "PQLR+ukyfeZ/Vyz974KNQp/w91APzV3Mwe9aC8ibWeg=",
                            "tags.%": "0",
                            "timeout": "300",
                            "tracing_config.#": "1",
                            "tracing_config.0.mode": "PassThrough",
                            "version": "$LATEST",
                            "vpc_config.#": "0"
                        },
                        "meta": {},
                        "tainted": false
                    },
                    "deposed": [],
                    "provider": ""
                },
                "aws_lambda_function.app_function.1": {
                    "type": "aws_lambda_function",
                    "depends_on": [
                        "aws_iam_role.app_role",
                        "aws_s3_bucket_object.app_source"
                    ],
                    "primary": {
                        "id": "tranmon-api_profitability_handler_all_currencies_function",
                        "attributes": {
                            "arn": "arn:aws:lambda:us-east-1:689718612137:function:tranmon-api_profitability_handler_all_currencies_function",
                            "dead_letter_config.#": "0",
                            "description": "",
                            "environment.#": "1",
                            "environment.0.variables.%": "2",
                            "environment.0.variables.API_HOST": "https://tranmon-service-production.herokuapp.com",
                            "environment.0.variables.AWS_CACHE_BUCKET": "tranmon-api-cache",
                            "function_name": "tranmon-api_profitability_handler_all_currencies_function",
                            "handler": "profitability_handler.all_currencies",
                            "id": "tranmon-api_profitability_handler_all_currencies_function",
                            "invoke_arn": "arn:aws:apigateway:us-east-1:lambda:path/2015-03-31/functions/arn:aws:lambda:us-east-1:689718612137:function:tranmon-api_profitability_handler_all_currencies_function/invocations",
                            "kms_key_arn": "",
                            "last_modified": "2018-02-25T12:31:18.178+0000",
                            "memory_size": "1536",
                            "publish": "false",
                            "qualified_arn": "arn:aws:lambda:us-east-1:689718612137:function:tranmon-api_profitability_handler_all_currencies_function:$LATEST",
                            "reserved_concurrent_executions": "0",
                            "role": "arn:aws:iam::689718612137:role/tranmon-api_role",
                            "runtime": "python2.7",
                            "s3_bucket": "tranmon-api_function",
                            "s3_key": "source",
                            "source_code_hash": "PQLR+ukyfeZ/Vyz974KNQp/w91APzV3Mwe9aC8ibWeg=",
                            "tags.%": "0",
                            "timeout": "300",
                            "tracing_config.#": "1",
                            "tracing_config.0.mode": "PassThrough",
                            "version": "$LATEST",
                            "vpc_config.#": "0"
                        },
                        "meta": {},
                        "tainted": false
                    },
                    "deposed": [],
                    "provider": ""
                },
                "aws_lambda_function.app_function.2": {
                    "type": "aws_lambda_function",
                    "depends_on": [
                        "aws_iam_role.app_role",
                        "aws_s3_bucket_object.app_source"
                    ],
                    "primary": {
                        "id": "tranmon-api_wallet_handler_overview_function",
                        "attributes": {
                            "arn": "arn:aws:lambda:us-east-1:689718612137:function:tranmon-api_wallet_handler_overview_function",
                            "dead_letter_config.#": "0",
                            "description": "",
                            "environment.#": "1",
                            "environment.0.variables.%": "2",
                            "environment.0.variables.API_HOST": "https://tranmon-service-production.herokuapp.com",
                            "environment.0.variables.AWS_CACHE_BUCKET": "tranmon-api-cache",
                            "function_name": "tranmon-api_wallet_handler_overview_function",
                            "handler": "wallet_handler.overview",
                            "id": "tranmon-api_wallet_handler_overview_function",
                            "invoke_arn": "arn:aws:apigateway:us-east-1:lambda:path/2015-03-31/functions/arn:aws:lambda:us-east-1:689718612137:function:tranmon-api_wallet_handler_overview_function/invocations",
                            "kms_key_arn": "",
                            "last_modified": "2018-02-25T12:31:17.825+0000",
                            "memory_size": "1536",
                            "publish": "false",
                            "qualified_arn": "arn:aws:lambda:us-east-1:689718612137:function:tranmon-api_wallet_handler_overview_function:$LATEST",
                            "reserved_concurrent_executions": "0",
                            "role": "arn:aws:iam::689718612137:role/tranmon-api_role",
                            "runtime": "python2.7",
                            "s3_bucket": "tranmon-api_function",
                            "s3_key": "source",
                            "source_code_hash": "PQLR+ukyfeZ/Vyz974KNQp/w91APzV3Mwe9aC8ibWeg=",
                            "tags.%": "0",
                            "timeout": "300",
                            "tracing_config.#": "1",
                            "tracing_config.0.mode": "PassThrough",
                            "version": "$LATEST",
                            "vpc_config.#": "0"
                        },
                        "meta": {},
                        "tainted": false
                    },
                    "deposed": [],
                    "provider": ""
                },
                "aws_lambda_permission.market_handler_function_allow_cloud_watch.0": {
                    "type": "aws_lambda_permission",
                    "depends_on": [
                        "aws_cloudwatch_event_rule.market_handler_event_rule.*",
                        "aws_lambda_function.app_function.*"
                    ],
                    "primary": {
                        "id": "AllowExecutionFromCloudWatch_tranmon-api_market_handler_event_rule_btc",
                        "attributes": {
                            "action": "lambda:InvokeFunction",
                            "function_name": "arn:aws:lambda:us-east-1:689718612137:function:tranmon-api_market_handler_overview_function",
                            "id": "AllowExecutionFromCloudWatch_tranmon-api_market_handler_event_rule_btc",
                            "principal": "events.amazonaws.com",
                            "qualifier": "",
                            "source_arn": "arn:aws:events:us-east-1:689718612137:rule/tranmon-api_market_handler_event_rule_btc",
                            "statement_id": "AllowExecutionFromCloudWatch_tranmon-api_market_handler_event_rule_btc"
                        },
                        "meta": {},
                        "tainted": false
                    },
                    "deposed": [],
                    "provider": ""
                },
                "aws_lambda_permission.market_handler_function_allow_cloud_watch.1": {
                    "type": "aws_lambda_permission",
                    "depends_on": [
                        "aws_cloudwatch_event_rule.market_handler_event_rule.*",
                        "aws_lambda_function.app_function.*"
                    ],
                    "primary": {
                        "id": "AllowExecutionFromCloudWatch_tranmon-api_market_handler_event_rule_pasl",
                        "attributes": {
                            "action": "lambda:InvokeFunction",
                            "function_name": "arn:aws:lambda:us-east-1:689718612137:function:tranmon-api_market_handler_overview_function",
                            "id": "AllowExecutionFromCloudWatch_tranmon-api_market_handler_event_rule_pasl",
                            "principal": "events.amazonaws.com",
                            "qualifier": "",
                            "source_arn": "arn:aws:events:us-east-1:689718612137:rule/tranmon-api_market_handler_event_rule_pasl",
                            "statement_id": "AllowExecutionFromCloudWatch_tranmon-api_market_handler_event_rule_pasl"
                        },
                        "meta": {},
                        "tainted": false
                    },
                    "deposed": [],
                    "provider": ""
                },
                "aws_lambda_permission.market_handler_function_allow_cloud_watch.2": {
                    "type": "aws_lambda_permission",
                    "depends_on": [
                        "aws_cloudwatch_event_rule.market_handler_event_rule.*",
                        "aws_lambda_function.app_function.*"
                    ],
                    "primary": {
                        "id": "AllowExecutionFromCloudWatch_tranmon-api_market_handler_event_rule_eth",
                        "attributes": {
                            "action": "lambda:InvokeFunction",
                            "function_name": "arn:aws:lambda:us-east-1:689718612137:function:tranmon-api_market_handler_overview_function",
                            "id": "AllowExecutionFromCloudWatch_tranmon-api_market_handler_event_rule_eth",
                            "principal": "events.amazonaws.com",
                            "qualifier": "",
                            "source_arn": "arn:aws:events:us-east-1:689718612137:rule/tranmon-api_market_handler_event_rule_eth",
                            "statement_id": "AllowExecutionFromCloudWatch_tranmon-api_market_handler_event_rule_eth"
                        },
                        "meta": {},
                        "tainted": false
                    },
                    "deposed": [],
                    "provider": ""
                },
                "aws_lambda_permission.market_handler_function_allow_cloud_watch.3": {
                    "type": "aws_lambda_permission",
                    "depends_on": [
                        "aws_cloudwatch_event_rule.market_handler_event_rule.*",
                        "aws_lambda_function.app_function.*"
                    ],
                    "primary": {
                        "id": "AllowExecutionFromCloudWatch_tranmon-api_market_handler_event_rule_zcl",
                        "attributes": {
                            "action": "lambda:InvokeFunction",
                            "function_name": "arn:aws:lambda:us-east-1:689718612137:function:tranmon-api_market_handler_overview_function",
                            "id": "AllowExecutionFromCloudWatch_tranmon-api_market_handler_event_rule_zcl",
                            "principal": "events.amazonaws.com",
                            "qualifier": "",
                            "source_arn": "arn:aws:events:us-east-1:689718612137:rule/tranmon-api_market_handler_event_rule_zcl",
                            "statement_id": "AllowExecutionFromCloudWatch_tranmon-api_market_handler_event_rule_zcl"
                        },
                        "meta": {},
                        "tainted": false
                    },
                    "deposed": [],
                    "provider": ""
                },
                "aws_lambda_permission.market_handler_function_allow_cloud_watch.4": {
                    "type": "aws_lambda_permission",
                    "depends_on": [
                        "aws_cloudwatch_event_rule.market_handler_event_rule.*",
                        "aws_lambda_function.app_function.*"
                    ],
                    "primary": {
                        "id": "AllowExecutionFromCloudWatch_tranmon-api_market_handler_event_rule_altcom",
                        "attributes": {
                            "action": "lambda:InvokeFunction",
                            "function_name": "arn:aws:lambda:us-east-1:689718612137:function:tranmon-api_market_handler_overview_function",
                            "id": "AllowExecutionFromCloudWatch_tranmon-api_market_handler_event_rule_altcom",
                            "principal": "events.amazonaws.com",
                            "qualifier": "",
                            "source_arn": "arn:aws:events:us-east-1:689718612137:rule/tranmon-api_market_handler_event_rule_altcom",
                            "statement_id": "AllowExecutionFromCloudWatch_tranmon-api_market_handler_event_rule_altcom"
                        },
                        "meta": {},
                        "tainted": false
                    },
                    "deposed": [],
                    "provider": ""
                },
                "aws_lambda_permission.market_handler_function_allow_cloud_watch.5": {
                    "type": "aws_lambda_permission",
                    "depends_on": [
                        "aws_cloudwatch_event_rule.market_handler_event_rule.*",
                        "aws_lambda_function.app_function.*"
                    ],
                    "primary": {
                        "id": "AllowExecutionFromCloudWatch_tranmon-api_market_handler_event_rule_ltc",
                        "attributes": {
                            "action": "lambda:InvokeFunction",
                            "function_name": "arn:aws:lambda:us-east-1:689718612137:function:tranmon-api_market_handler_overview_function",
                            "id": "AllowExecutionFromCloudWatch_tranmon-api_market_handler_event_rule_ltc",
                            "principal": "events.amazonaws.com",
                            "qualifier": "",
                            "source_arn": "arn:aws:events:us-east-1:689718612137:rule/tranmon-api_market_handler_event_rule_ltc",
                            "statement_id": "AllowExecutionFromCloudWatch_tranmon-api_market_handler_event_rule_ltc"
                        },
                        "meta": {},
                        "tainted": false
                    },
                    "deposed": [],
                    "provider": ""
                },
                "aws_lambda_permission.market_handler_function_allow_cloud_watch.6": {
                    "type": "aws_lambda_permission",
                    "depends_on": [
                        "aws_cloudwatch_event_rule.market_handler_event_rule.*",
                        "aws_lambda_function.app_function.*"
                    ],
                    "primary": {
                        "id": "AllowExecutionFromCloudWatch_tranmon-api_market_handler_event_rule_arc",
                        "attributes": {
                            "action": "lambda:InvokeFunction",
                            "function_name": "arn:aws:lambda:us-east-1:689718612137:function:tranmon-api_market_handler_overview_function",
                            "id": "AllowExecutionFromCloudWatch_tranmon-api_market_handler_event_rule_arc",
                            "principal": "events.amazonaws.com",
                            "qualifier": "",
                            "source_arn": "arn:aws:events:us-east-1:689718612137:rule/tranmon-api_market_handler_event_rule_arc",
                            "statement_id": "AllowExecutionFromCloudWatch_tranmon-api_market_handler_event_rule_arc"
                        },
                        "meta": {},
                        "tainted": false
                    },
                    "deposed": [],
                    "provider": ""
                },
                "aws_lambda_permission.market_handler_function_allow_cloud_watch.7": {
                    "type": "aws_lambda_permission",
                    "depends_on": [
                        "aws_cloudwatch_event_rule.market_handler_event_rule.*",
                        "aws_lambda_function.app_function.*"
                    ],
                    "primary": {
                        "id": "AllowExecutionFromCloudWatch_tranmon-api_market_handler_event_rule_btg",
                        "attributes": {
                            "action": "lambda:InvokeFunction",
                            "function_name": "arn:aws:lambda:us-east-1:689718612137:function:tranmon-api_market_handler_overview_function",
                            "id": "AllowExecutionFromCloudWatch_tranmon-api_market_handler_event_rule_btg",
                            "principal": "events.amazonaws.com",
                            "qualifier": "",
                            "source_arn": "arn:aws:events:us-east-1:689718612137:rule/tranmon-api_market_handler_event_rule_btg",
                            "statement_id": "AllowExecutionFromCloudWatch_tranmon-api_market_handler_event_rule_btg"
                        },
                        "meta": {},
                        "tainted": false
                    },
                    "deposed": [],
                    "provider": ""
                },
                "aws_lambda_permission.profitability_handler_function_allow_cloud_watch": {
                    "type": "aws_lambda_permission",
                    "depends_on": [
                        "aws_cloudwatch_event_rule.profitability_handler_event_rule",
                        "aws_lambda_function.app_function.*"
                    ],
                    "primary": {
                        "id": "AllowExecutionFromCloudWatch",
                        "attributes": {
                            "action": "lambda:InvokeFunction",
                            "function_name": "arn:aws:lambda:us-east-1:689718612137:function:tranmon-api_profitability_handler_all_currencies_function",
                            "id": "AllowExecutionFromCloudWatch",
                            "principal": "events.amazonaws.com",
                            "qualifier": "",
                            "source_arn": "arn:aws:events:us-east-1:689718612137:rule/tranmon-api_profitability_handler_event_rule",
                            "statement_id": "AllowExecutionFromCloudWatch"
                        },
                        "meta": {},
                        "tainted": false
                    },
                    "deposed": [],
                    "provider": ""
                },
                "aws_lambda_permission.wallet_handler_function_allow_cloud_watch.0": {
                    "type": "aws_lambda_permission",
                    "depends_on": [
                        "aws_cloudwatch_event_rule.wallet_handler_event_rule.*",
                        "aws_lambda_function.app_function.*"
                    ],
                    "primary": {
                        "id": "AllowExecutionFromCloudWatch_wallet_arc_ANQNEgvto89aLa8KLRLUMKiVbStF6MLFDd",
                        "attributes": {
                            "action": "lambda:InvokeFunction",
                            "function_name": "arn:aws:lambda:us-east-1:689718612137:function:tranmon-api_wallet_handler_overview_function",
                            "id": "AllowExecutionFromCloudWatch_wallet_arc_ANQNEgvto89aLa8KLRLUMKiVbStF6MLFDd",
                            "principal": "events.amazonaws.com",
                            "qualifier": "",
                            "source_arn": "arn:aws:events:us-east-1:689718612137:rule/wallet_arc_ANQNEgvto89aLa8KLRLUMKiVbStF6MLFDd",
                            "statement_id": "AllowExecutionFromCloudWatch_wallet_arc_ANQNEgvto89aLa8KLRLUMKiVbStF6MLFDd"
                        },
                        "meta": {},
                        "tainted": false
                    },
                    "deposed": [],
                    "provider": ""
                },
                "aws_lambda_permission.wallet_handler_function_allow_cloud_watch.1": {
                    "type": "aws_lambda_permission",
                    "depends_on": [
                        "aws_cloudwatch_event_rule.wallet_handler_event_rule.*",
                        "aws_lambda_function.app_function.*"
                    ],
                    "primary": {
                        "id": "AllowExecutionFromCloudWatch_wallet_arc_AQZ69kCuuVhMfRDbMo4kmmfiewhAPCtnHb",
                        "attributes": {
                            "action": "lambda:InvokeFunction",
                            "function_name": "arn:aws:lambda:us-east-1:689718612137:function:tranmon-api_wallet_handler_overview_function",
                            "id": "AllowExecutionFromCloudWatch_wallet_arc_AQZ69kCuuVhMfRDbMo4kmmfiewhAPCtnHb",
                            "principal": "events.amazonaws.com",
                            "qualifier": "",
                            "source_arn": "arn:aws:events:us-east-1:689718612137:rule/wallet_arc_AQZ69kCuuVhMfRDbMo4kmmfiewhAPCtnHb",
                            "statement_id": "AllowExecutionFromCloudWatch_wallet_arc_AQZ69kCuuVhMfRDbMo4kmmfiewhAPCtnHb"
                        },
                        "meta": {},
                        "tainted": false
                    },
                    "deposed": [],
                    "provider": ""
                },
                "aws_lambda_permission.wallet_handler_function_allow_cloud_watch.2": {
                    "type": "aws_lambda_permission",
                    "depends_on": [
                        "aws_cloudwatch_event_rule.wallet_handler_event_rule.*",
                        "aws_lambda_function.app_function.*"
                    ],
                    "primary": {
                        "id": "AllowExecutionFromCloudWatch_wallet_arc_AJX3UNSNa3rXFUfRyMQuM13Y2NZQbTbxvf",
                        "attributes": {
                            "action": "lambda:InvokeFunction",
                            "function_name": "arn:aws:lambda:us-east-1:689718612137:function:tranmon-api_wallet_handler_overview_function",
                            "id": "AllowExecutionFromCloudWatch_wallet_arc_AJX3UNSNa3rXFUfRyMQuM13Y2NZQbTbxvf",
                            "principal": "events.amazonaws.com",
                            "qualifier": "",
                            "source_arn": "arn:aws:events:us-east-1:689718612137:rule/wallet_arc_AJX3UNSNa3rXFUfRyMQuM13Y2NZQbTbxvf",
                            "statement_id": "AllowExecutionFromCloudWatch_wallet_arc_AJX3UNSNa3rXFUfRyMQuM13Y2NZQbTbxvf"
                        },
                        "meta": {},
                        "tainted": false
                    },
                    "deposed": [],
                    "provider": ""
                },
                "aws_lambda_permission.wallet_handler_function_allow_cloud_watch.3": {
                    "type": "aws_lambda_permission",
                    "depends_on": [
                        "aws_cloudwatch_event_rule.wallet_handler_event_rule.*",
                        "aws_lambda_function.app_function.*"
                    ],
                    "primary": {
                        "id": "AllowExecutionFromCloudWatch_wallet_btg_Gd7PdM1ydc8TYJWTmymVyMgL6b4sgjod6L",
                        "attributes": {
                            "action": "lambda:InvokeFunction",
                            "function_name": "arn:aws:lambda:us-east-1:689718612137:function:tranmon-api_wallet_handler_overview_function",
                            "id": "AllowExecutionFromCloudWatch_wallet_btg_Gd7PdM1ydc8TYJWTmymVyMgL6b4sgjod6L",
                            "principal": "events.amazonaws.com",
                            "qualifier": "",
                            "source_arn": "arn:aws:events:us-east-1:689718612137:rule/wallet_btg_Gd7PdM1ydc8TYJWTmymVyMgL6b4sgjod6L",
                            "statement_id": "AllowExecutionFromCloudWatch_wallet_btg_Gd7PdM1ydc8TYJWTmymVyMgL6b4sgjod6L"
                        },
                        "meta": {},
                        "tainted": false
                    },
                    "deposed": [],
                    "provider": ""
                },
                "aws_lambda_permission.wallet_handler_function_allow_cloud_watch.4": {
                    "type": "aws_lambda_permission",
                    "depends_on": [
                        "aws_cloudwatch_event_rule.wallet_handler_event_rule.*",
                        "aws_lambda_function.app_function.*"
                    ],
                    "primary": {
                        "id": "AllowExecutionFromCloudWatch_wallet_sono_AGrrJNqhvfjyCMtsVRenCktLwS2kXNYXMq",
                        "attributes": {
                            "action": "lambda:InvokeFunction",
                            "function_name": "arn:aws:lambda:us-east-1:689718612137:function:tranmon-api_wallet_handler_overview_function",
                            "id": "AllowExecutionFromCloudWatch_wallet_sono_AGrrJNqhvfjyCMtsVRenCktLwS2kXNYXMq",
                            "principal": "events.amazonaws.com",
                            "qualifier": "",
                            "source_arn": "arn:aws:events:us-east-1:689718612137:rule/wallet_sono_AGrrJNqhvfjyCMtsVRenCktLwS2kXNYXMq",
                            "statement_id": "AllowExecutionFromCloudWatch_wallet_sono_AGrrJNqhvfjyCMtsVRenCktLwS2kXNYXMq"
                        },
                        "meta": {},
                        "tainted": false
                    },
                    "deposed": [],
                    "provider": ""
                },
                "aws_lambda_permission.wallet_handler_function_allow_cloud_watch.5": {
                    "type": "aws_lambda_permission",
                    "depends_on": [
                        "aws_cloudwatch_event_rule.wallet_handler_event_rule.*",
                        "aws_lambda_function.app_function.*"
                    ],
                    "primary": {
                        "id": "AllowExecutionFromCloudWatch_wallet_sono_AR7GbTXV7a6muB2AroYXKfCMG4HK8QS2BH",
                        "attributes": {
                            "action": "lambda:InvokeFunction",
                            "function_name": "arn:aws:lambda:us-east-1:689718612137:function:tranmon-api_wallet_handler_overview_function",
                            "id": "AllowExecutionFromCloudWatch_wallet_sono_AR7GbTXV7a6muB2AroYXKfCMG4HK8QS2BH",
                            "principal": "events.amazonaws.com",
                            "qualifier": "",
                            "source_arn": "arn:aws:events:us-east-1:689718612137:rule/wallet_sono_AR7GbTXV7a6muB2AroYXKfCMG4HK8QS2BH",
                            "statement_id": "AllowExecutionFromCloudWatch_wallet_sono_AR7GbTXV7a6muB2AroYXKfCMG4HK8QS2BH"
                        },
                        "meta": {},
                        "tainted": false
                    },
                    "deposed": [],
                    "provider": ""
                },
                "aws_lambda_permission.wallet_handler_function_allow_cloud_watch.6": {
                    "type": "aws_lambda_permission",
                    "depends_on": [
                        "aws_cloudwatch_event_rule.wallet_handler_event_rule.*",
                        "aws_lambda_function.app_function.*"
                    ],
                    "primary": {
                        "id": "AllowExecutionFromCloudWatch_wallet_sono_AeucgHfjCYnRz5LwkzpjWtW6z9QE1MEU7D",
                        "attributes": {
                            "action": "lambda:InvokeFunction",
                            "function_name": "arn:aws:lambda:us-east-1:689718612137:function:tranmon-api_wallet_handler_overview_function",
                            "id": "AllowExecutionFromCloudWatch_wallet_sono_AeucgHfjCYnRz5LwkzpjWtW6z9QE1MEU7D",
                            "principal": "events.amazonaws.com",
                            "qualifier": "",
                            "source_arn": "arn:aws:events:us-east-1:689718612137:rule/wallet_sono_AeucgHfjCYnRz5LwkzpjWtW6z9QE1MEU7D",
                            "statement_id": "AllowExecutionFromCloudWatch_wallet_sono_AeucgHfjCYnRz5LwkzpjWtW6z9QE1MEU7D"
                        },
                        "meta": {},
                        "tainted": false
                    },
                    "deposed": [],
                    "provider": ""
                },
                "aws_lambda_permission.wallet_handler_function_allow_cloud_watch.7": {
                    "type": "aws_lambda_permission",
                    "depends_on": [
                        "aws_cloudwatch_event_rule.wallet_handler_event_rule.*",
                        "aws_lambda_function.app_function.*"
                    ],
                    "primary": {
                        "id": "AllowExecutionFromCloudWatch_wallet_arc_AdwB3SxCDu5wxjZPUcJToCnamNcHLM5CBJ",
                        "attributes": {
                            "action": "lambda:InvokeFunction",
                            "function_name": "arn:aws:lambda:us-east-1:689718612137:function:tranmon-api_wallet_handler_overview_function",
                            "id": "AllowExecutionFromCloudWatch_wallet_arc_AdwB3SxCDu5wxjZPUcJToCnamNcHLM5CBJ",
                            "principal": "events.amazonaws.com",
                            "qualifier": "",
                            "source_arn": "arn:aws:events:us-east-1:689718612137:rule/wallet_arc_AdwB3SxCDu5wxjZPUcJToCnamNcHLM5CBJ",
                            "statement_id": "AllowExecutionFromCloudWatch_wallet_arc_AdwB3SxCDu5wxjZPUcJToCnamNcHLM5CBJ"
                        },
                        "meta": {},
                        "tainted": false
                    },
                    "deposed": [],
                    "provider": ""
                },
                "aws_lambda_permission.wallet_handler_function_allow_cloud_watch.8": {
                    "type": "aws_lambda_permission",
                    "depends_on": [
                        "aws_cloudwatch_event_rule.wallet_handler_event_rule.*",
                        "aws_lambda_function.app_function.*"
                    ],
                    "primary": {
                        "id": "AllowExecutionFromCloudWatch_wallet_arc_ASTp3dioccitrTgYYH82dVkoGGo1uneKZ6",
                        "attributes": {
                            "action": "lambda:InvokeFunction",
                            "function_name": "arn:aws:lambda:us-east-1:689718612137:function:tranmon-api_wallet_handler_overview_function",
                            "id": "AllowExecutionFromCloudWatch_wallet_arc_ASTp3dioccitrTgYYH82dVkoGGo1uneKZ6",
                            "principal": "events.amazonaws.com",
                            "qualifier": "",
                            "source_arn": "arn:aws:events:us-east-1:689718612137:rule/wallet_arc_ASTp3dioccitrTgYYH82dVkoGGo1uneKZ6",
                            "statement_id": "AllowExecutionFromCloudWatch_wallet_arc_ASTp3dioccitrTgYYH82dVkoGGo1uneKZ6"
                        },
                        "meta": {},
                        "tainted": false
                    },
                    "deposed": [],
                    "provider": ""
                },
                "aws_s3_bucket.app_bucket": {
                    "type": "aws_s3_bucket",
                    "depends_on": [],
                    "primary": {
                        "id": "tranmon-api_function",
                        "attributes": {
                            "acceleration_status": "",
                            "acl": "private",
                            "arn": "arn:aws:s3:::tranmon-api_function",
                            "bucket": "tranmon-api_function",
                            "bucket_domain_name": "tranmon-api_function.s3.amazonaws.com",
                            "force_destroy": "false",
                            "hosted_zone_id": "Z3AQBSTGFYJSTF",
                            "id": "tranmon-api_function",
                            "logging.#": "0",
                            "region": "us-east-1",
                            "request_payer": "BucketOwner",
                            "server_side_encryption_configuration.#": "0",
                            "tags.%": "0",
                            "versioning.#": "1",
                            "versioning.0.enabled": "false",
                            "versioning.0.mfa_delete": "false",
                            "website.#": "0"
                        },
                        "meta": {},
                        "tainted": false
                    },
                    "deposed": [],
                    "provider": ""
                },
                "aws_s3_bucket_object.app_source": {
                    "type": "aws_s3_bucket_object",
                    "depends_on": [
                        "aws_s3_bucket.app_bucket"
                    ],
                    "primary": {
                        "id": "source",
                        "attributes": {
                            "acl": "private",
                            "bucket": "tranmon-api_function",
                            "cache_control": "",
                            "content_disposition": "",
                            "content_encoding": "",
                            "content_language": "",
                            "content_type": "binary/octet-stream",
                            "etag": "9c7a93ad54df6b7a56e8667d3e741d0b",
                            "id": "source",
                            "key": "source",
                            "server_side_encryption": "",
                            "source": "tranmon-api.zip",
                            "storage_class": "STANDARD",
                            "tags.%": "0",
                            "version_id": "",
                            "website_redirect": ""
                        },
                        "meta": {},
                        "tainted": false
                    },
                    "deposed": [],
                    "provider": ""
                }
            },
            "depends_on": []
        }
    ]
}
